// !$*UTF8*$!
{
	archiveVersion = 1;
	classes = {
	};
	objectVersion = 56;
	objects = {

/* Begin PBXBuildFile section */
		AD1DBCAB2AE19CFD000464B2 /* GridBootcamp.swift in Sources */ = {isa = PBXBuildFile; fileRef = AD1DBCAA2AE19CFD000464B2 /* GridBootcamp.swift */; };
		AD1F78932ADFB580007FC4D9 /* SpacerBootcamp.swift in Sources */ = {isa = PBXBuildFile; fileRef = AD1F78922ADFB580007FC4D9 /* SpacerBootcamp.swift */; };
		AD1F78952ADFBF4B007FC4D9 /* InitializerBootcamp.swift in Sources */ = {isa = PBXBuildFile; fileRef = AD1F78942ADFBF4B007FC4D9 /* InitializerBootcamp.swift */; };
		AD1F78972ADFC91D007FC4D9 /* ForEachBootcamp.swift in Sources */ = {isa = PBXBuildFile; fileRef = AD1F78962ADFC91D007FC4D9 /* ForEachBootcamp.swift */; };
		AD1F78992ADFD3ED007FC4D9 /* ScrollViewBootcamp.swift in Sources */ = {isa = PBXBuildFile; fileRef = AD1F78982ADFD3ED007FC4D9 /* ScrollViewBootcamp.swift */; };
		AD385D782AE2631D008F2D50 /* SafeAreaBootcamp.swift in Sources */ = {isa = PBXBuildFile; fileRef = AD385D772AE2631D008F2D50 /* SafeAreaBootcamp.swift */; };
		AD385D7A2AE2683A008F2D50 /* ButtonsBootcamp.swift in Sources */ = {isa = PBXBuildFile; fileRef = AD385D792AE2683A008F2D50 /* ButtonsBootcamp.swift */; };
		AD385D7C2AE26EC9008F2D50 /* StateBootcamp.swift in Sources */ = {isa = PBXBuildFile; fileRef = AD385D7B2AE26EC9008F2D50 /* StateBootcamp.swift */; };
		AD385D7E2AE2746F008F2D50 /* ExtractedFunctionsBootcamp.swift in Sources */ = {isa = PBXBuildFile; fileRef = AD385D7D2AE2746F008F2D50 /* ExtractedFunctionsBootcamp.swift */; };
		AD412D822ADBDB01008A998D /* SwiftfUIBootcampApp.swift in Sources */ = {isa = PBXBuildFile; fileRef = AD412D812ADBDB01008A998D /* SwiftfUIBootcampApp.swift */; };
		AD412D842ADBDB01008A998D /* ContentView.swift in Sources */ = {isa = PBXBuildFile; fileRef = AD412D832ADBDB01008A998D /* ContentView.swift */; };
		AD412D862ADBDB04008A998D /* Assets.xcassets in Resources */ = {isa = PBXBuildFile; fileRef = AD412D852ADBDB04008A998D /* Assets.xcassets */; };
		AD412D892ADBDB04008A998D /* Preview Assets.xcassets in Resources */ = {isa = PBXBuildFile; fileRef = AD412D882ADBDB04008A998D /* Preview Assets.xcassets */; };
		AD412D902ADBE0ED008A998D /* TextBootcamp.swift in Sources */ = {isa = PBXBuildFile; fileRef = AD412D8F2ADBE0ED008A998D /* TextBootcamp.swift */; };
		AD412D922ADBE6C6008A998D /* ShapesBootcamp.swift in Sources */ = {isa = PBXBuildFile; fileRef = AD412D912ADBE6C6008A998D /* ShapesBootcamp.swift */; };
		AD49B9662ADEF98C0094C7F8 /* PaddingAndSpacerBootcamp.swift in Sources */ = {isa = PBXBuildFile; fileRef = AD49B9652ADEF98C0094C7F8 /* PaddingAndSpacerBootcamp.swift */; };
		AD7CEDD02ADD0FE400014414 /* ColorsBootcamp.swift in Sources */ = {isa = PBXBuildFile; fileRef = AD7CEDCF2ADD0FE400014414 /* ColorsBootcamp.swift */; };
		ADB278812ADD3A43001709B4 /* GradientsBootcamp.swift in Sources */ = {isa = PBXBuildFile; fileRef = ADB278802ADD3A43001709B4 /* GradientsBootcamp.swift */; };
		ADC82C442ADE6E1000940AE7 /* IconsBootcamp.swift in Sources */ = {isa = PBXBuildFile; fileRef = ADC82C432ADE6E1000940AE7 /* IconsBootcamp.swift */; };
		ADC82C462ADE738F00940AE7 /* ImageBootcamp.swift in Sources */ = {isa = PBXBuildFile; fileRef = ADC82C452ADE738F00940AE7 /* ImageBootcamp.swift */; };
		ADC82C482ADE785700940AE7 /* FrameBootcamp.swift in Sources */ = {isa = PBXBuildFile; fileRef = ADC82C472ADE785700940AE7 /* FrameBootcamp.swift */; };
		ADC82C4A2ADE803100940AE7 /* BackgroundAndOverlayBootcamp.swift in Sources */ = {isa = PBXBuildFile; fileRef = ADC82C492ADE803100940AE7 /* BackgroundAndOverlayBootcamp.swift */; };
		ADC82C4C2ADEA56E00940AE7 /* StacksBootcamp.swift in Sources */ = {isa = PBXBuildFile; fileRef = ADC82C4B2ADEA56E00940AE7 /* StacksBootcamp.swift */; };
/* End PBXBuildFile section */

/* Begin PBXFileReference section */
		AD1DBCAA2AE19CFD000464B2 /* GridBootcamp.swift */ = {isa = PBXFileReference; lastKnownFileType = sourcecode.swift; path = GridBootcamp.swift; sourceTree = "<group>"; };
		AD1F78922ADFB580007FC4D9 /* SpacerBootcamp.swift */ = {isa = PBXFileReference; lastKnownFileType = sourcecode.swift; path = SpacerBootcamp.swift; sourceTree = "<group>"; };
		AD1F78942ADFBF4B007FC4D9 /* InitializerBootcamp.swift */ = {isa = PBXFileReference; lastKnownFileType = sourcecode.swift; path = InitializerBootcamp.swift; sourceTree = "<group>"; };
		AD1F78962ADFC91D007FC4D9 /* ForEachBootcamp.swift */ = {isa = PBXFileReference; lastKnownFileType = sourcecode.swift; path = ForEachBootcamp.swift; sourceTree = "<group>"; };
		AD1F78982ADFD3ED007FC4D9 /* ScrollViewBootcamp.swift */ = {isa = PBXFileReference; lastKnownFileType = sourcecode.swift; path = ScrollViewBootcamp.swift; sourceTree = "<group>"; };
		AD385D772AE2631D008F2D50 /* SafeAreaBootcamp.swift */ = {isa = PBXFileReference; lastKnownFileType = sourcecode.swift; path = SafeAreaBootcamp.swift; sourceTree = "<group>"; };
		AD385D792AE2683A008F2D50 /* ButtonsBootcamp.swift */ = {isa = PBXFileReference; lastKnownFileType = sourcecode.swift; path = ButtonsBootcamp.swift; sourceTree = "<group>"; };
		AD385D7B2AE26EC9008F2D50 /* StateBootcamp.swift */ = {isa = PBXFileReference; lastKnownFileType = sourcecode.swift; path = StateBootcamp.swift; sourceTree = "<group>"; };
		AD385D7D2AE2746F008F2D50 /* ExtractedFunctionsBootcamp.swift */ = {isa = PBXFileReference; lastKnownFileType = sourcecode.swift; path = ExtractedFunctionsBootcamp.swift; sourceTree = "<group>"; };
		AD412D7E2ADBDB01008A998D /* SwiftfUIBootcamp.app */ = {isa = PBXFileReference; explicitFileType = wrapper.application; includeInIndex = 0; path = SwiftfUIBootcamp.app; sourceTree = BUILT_PRODUCTS_DIR; };
		AD412D812ADBDB01008A998D /* SwiftfUIBootcampApp.swift */ = {isa = PBXFileReference; lastKnownFileType = sourcecode.swift; path = SwiftfUIBootcampApp.swift; sourceTree = "<group>"; };
		AD412D832ADBDB01008A998D /* ContentView.swift */ = {isa = PBXFileReference; lastKnownFileType = sourcecode.swift; path = ContentView.swift; sourceTree = "<group>"; };
		AD412D852ADBDB04008A998D /* Assets.xcassets */ = {isa = PBXFileReference; lastKnownFileType = folder.assetcatalog; path = Assets.xcassets; sourceTree = "<group>"; };
		AD412D882ADBDB04008A998D /* Preview Assets.xcassets */ = {isa = PBXFileReference; lastKnownFileType = folder.assetcatalog; path = "Preview Assets.xcassets"; sourceTree = "<group>"; };
		AD412D8F2ADBE0ED008A998D /* TextBootcamp.swift */ = {isa = PBXFileReference; lastKnownFileType = sourcecode.swift; path = TextBootcamp.swift; sourceTree = "<group>"; };
		AD412D912ADBE6C6008A998D /* ShapesBootcamp.swift */ = {isa = PBXFileReference; lastKnownFileType = sourcecode.swift; path = ShapesBootcamp.swift; sourceTree = "<group>"; };
		AD49B9652ADEF98C0094C7F8 /* PaddingAndSpacerBootcamp.swift */ = {isa = PBXFileReference; lastKnownFileType = sourcecode.swift; path = PaddingAndSpacerBootcamp.swift; sourceTree = "<group>"; };
		AD7CEDCF2ADD0FE400014414 /* ColorsBootcamp.swift */ = {isa = PBXFileReference; lastKnownFileType = sourcecode.swift; path = ColorsBootcamp.swift; sourceTree = "<group>"; };
		ADB278802ADD3A43001709B4 /* GradientsBootcamp.swift */ = {isa = PBXFileReference; lastKnownFileType = sourcecode.swift; path = GradientsBootcamp.swift; sourceTree = "<group>"; };
		ADC82C432ADE6E1000940AE7 /* IconsBootcamp.swift */ = {isa = PBXFileReference; lastKnownFileType = sourcecode.swift; path = IconsBootcamp.swift; sourceTree = "<group>"; };
		ADC82C452ADE738F00940AE7 /* ImageBootcamp.swift */ = {isa = PBXFileReference; lastKnownFileType = sourcecode.swift; path = ImageBootcamp.swift; sourceTree = "<group>"; };
		ADC82C472ADE785700940AE7 /* FrameBootcamp.swift */ = {isa = PBXFileReference; lastKnownFileType = sourcecode.swift; path = FrameBootcamp.swift; sourceTree = "<group>"; };
		ADC82C492ADE803100940AE7 /* BackgroundAndOverlayBootcamp.swift */ = {isa = PBXFileReference; lastKnownFileType = sourcecode.swift; path = BackgroundAndOverlayBootcamp.swift; sourceTree = "<group>"; };
		ADC82C4B2ADEA56E00940AE7 /* StacksBootcamp.swift */ = {isa = PBXFileReference; lastKnownFileType = sourcecode.swift; path = StacksBootcamp.swift; sourceTree = "<group>"; };
/* End PBXFileReference section */

/* Begin PBXFrameworksBuildPhase section */
		AD412D7B2ADBDB01008A998D /* Frameworks */ = {
			isa = PBXFrameworksBuildPhase;
			buildActionMask = 2147483647;
			files = (
			);
			runOnlyForDeploymentPostprocessing = 0;
		};
/* End PBXFrameworksBuildPhase section */

/* Begin PBXGroup section */
		AD412D752ADBDB01008A998D = {
			isa = PBXGroup;
			children = (
				AD412D802ADBDB01008A998D /* SwiftfUIBootcamp */,
				AD412D7F2ADBDB01008A998D /* Products */,
			);
			sourceTree = "<group>";
		};
		AD412D7F2ADBDB01008A998D /* Products */ = {
			isa = PBXGroup;
			children = (
				AD412D7E2ADBDB01008A998D /* SwiftfUIBootcamp.app */,
			);
			name = Products;
			sourceTree = "<group>";
		};
		AD412D802ADBDB01008A998D /* SwiftfUIBootcamp */ = {
			isa = PBXGroup;
			children = (
				AD412D812ADBDB01008A998D /* SwiftfUIBootcampApp.swift */,
				AD412D832ADBDB01008A998D /* ContentView.swift */,
				AD412D8F2ADBE0ED008A998D /* TextBootcamp.swift */,
				AD412D912ADBE6C6008A998D /* ShapesBootcamp.swift */,
				AD7CEDCF2ADD0FE400014414 /* ColorsBootcamp.swift */,
				ADB278802ADD3A43001709B4 /* GradientsBootcamp.swift */,
				ADC82C432ADE6E1000940AE7 /* IconsBootcamp.swift */,
				ADC82C452ADE738F00940AE7 /* ImageBootcamp.swift */,
				ADC82C472ADE785700940AE7 /* FrameBootcamp.swift */,
				ADC82C492ADE803100940AE7 /* BackgroundAndOverlayBootcamp.swift */,
				ADC82C4B2ADEA56E00940AE7 /* StacksBootcamp.swift */,
				AD49B9652ADEF98C0094C7F8 /* PaddingAndSpacerBootcamp.swift */,
				AD1F78922ADFB580007FC4D9 /* SpacerBootcamp.swift */,
				AD1F78942ADFBF4B007FC4D9 /* InitializerBootcamp.swift */,
				AD1F78962ADFC91D007FC4D9 /* ForEachBootcamp.swift */,
				AD1F78982ADFD3ED007FC4D9 /* ScrollViewBootcamp.swift */,
				AD1DBCAA2AE19CFD000464B2 /* GridBootcamp.swift */,
				AD385D772AE2631D008F2D50 /* SafeAreaBootcamp.swift */,
				AD385D792AE2683A008F2D50 /* ButtonsBootcamp.swift */,
				AD385D7B2AE26EC9008F2D50 /* StateBootcamp.swift */,
				AD385D7D2AE2746F008F2D50 /* ExtractedFunctionsBootcamp.swift */,
				AD412D852ADBDB04008A998D /* Assets.xcassets */,
				AD412D872ADBDB04008A998D /* Preview Content */,
			);
			path = SwiftfUIBootcamp;
			sourceTree = "<group>";
		};
		AD412D872ADBDB04008A998D /* Preview Content */ = {
			isa = PBXGroup;
			children = (
				AD412D882ADBDB04008A998D /* Preview Assets.xcassets */,
			);
			path = "Preview Content";
			sourceTree = "<group>";
		};
/* End PBXGroup section */

/* Begin PBXNativeTarget section */
		AD412D7D2ADBDB01008A998D /* SwiftfUIBootcamp */ = {
			isa = PBXNativeTarget;
			buildConfigurationList = AD412D8C2ADBDB04008A998D /* Build configuration list for PBXNativeTarget "SwiftfUIBootcamp" */;
			buildPhases = (
				AD412D7A2ADBDB01008A998D /* Sources */,
				AD412D7B2ADBDB01008A998D /* Frameworks */,
				AD412D7C2ADBDB01008A998D /* Resources */,
			);
			buildRules = (
			);
			dependencies = (
			);
			name = SwiftfUIBootcamp;
			productName = SwiftfUIBootcamp;
			productReference = AD412D7E2ADBDB01008A998D /* SwiftfUIBootcamp.app */;
			productType = "com.apple.product-type.application";
		};
/* End PBXNativeTarget section */

/* Begin PBXProject section */
		AD412D762ADBDB01008A998D /* Project object */ = {
			isa = PBXProject;
			attributes = {
				BuildIndependentTargetsInParallel = 1;
				LastSwiftUpdateCheck = 1500;
				LastUpgradeCheck = 1500;
				TargetAttributes = {
					AD412D7D2ADBDB01008A998D = {
						CreatedOnToolsVersion = 15.0;
					};
				};
			};
			buildConfigurationList = AD412D792ADBDB01008A998D /* Build configuration list for PBXProject "SwiftfUIBootcamp" */;
			compatibilityVersion = "Xcode 14.0";
			developmentRegion = en;
			hasScannedForEncodings = 0;
			knownRegions = (
				en,
				Base,
			);
			mainGroup = AD412D752ADBDB01008A998D;
			productRefGroup = AD412D7F2ADBDB01008A998D /* Products */;
			projectDirPath = "";
			projectRoot = "";
			targets = (
				AD412D7D2ADBDB01008A998D /* SwiftfUIBootcamp */,
			);
		};
/* End PBXProject section */

/* Begin PBXResourcesBuildPhase section */
		AD412D7C2ADBDB01008A998D /* Resources */ = {
			isa = PBXResourcesBuildPhase;
			buildActionMask = 2147483647;
			files = (
				AD412D892ADBDB04008A998D /* Preview Assets.xcassets in Resources */,
				AD412D862ADBDB04008A998D /* Assets.xcassets in Resources */,
			);
			runOnlyForDeploymentPostprocessing = 0;
		};
/* End PBXResourcesBuildPhase section */

/* Begin PBXSourcesBuildPhase section */
		AD412D7A2ADBDB01008A998D /* Sources */ = {
			isa = PBXSourcesBuildPhase;
			buildActionMask = 2147483647;
			files = (
				AD385D7C2AE26EC9008F2D50 /* StateBootcamp.swift in Sources */,
				ADB278812ADD3A43001709B4 /* GradientsBootcamp.swift in Sources */,
				ADC82C4A2ADE803100940AE7 /* BackgroundAndOverlayBootcamp.swift in Sources */,
				AD1F78992ADFD3ED007FC4D9 /* ScrollViewBootcamp.swift in Sources */,
				AD49B9662ADEF98C0094C7F8 /* PaddingAndSpacerBootcamp.swift in Sources */,
				AD7CEDD02ADD0FE400014414 /* ColorsBootcamp.swift in Sources */,
				ADC82C482ADE785700940AE7 /* FrameBootcamp.swift in Sources */,
				AD385D7E2AE2746F008F2D50 /* ExtractedFunctionsBootcamp.swift in Sources */,
				AD1F78952ADFBF4B007FC4D9 /* InitializerBootcamp.swift in Sources */,
				AD412D922ADBE6C6008A998D /* ShapesBootcamp.swift in Sources */,
				AD385D7A2AE2683A008F2D50 /* ButtonsBootcamp.swift in Sources */,
				AD385D782AE2631D008F2D50 /* SafeAreaBootcamp.swift in Sources */,
				AD412D842ADBDB01008A998D /* ContentView.swift in Sources */,
				AD1F78972ADFC91D007FC4D9 /* ForEachBootcamp.swift in Sources */,
				AD412D902ADBE0ED008A998D /* TextBootcamp.swift in Sources */,
				AD412D822ADBDB01008A998D /* SwiftfUIBootcampApp.swift in Sources */,
				ADC82C4C2ADEA56E00940AE7 /* StacksBootcamp.swift in Sources */,
				AD1F78932ADFB580007FC4D9 /* SpacerBootcamp.swift in Sources */,
				AD1DBCAB2AE19CFD000464B2 /* GridBootcamp.swift in Sources */,
				ADC82C462ADE738F00940AE7 /* ImageBootcamp.swift in Sources */,
				ADC82C442ADE6E1000940AE7 /* IconsBootcamp.swift in Sources */,
			);
			runOnlyForDeploymentPostprocessing = 0;
		};
/* End PBXSourcesBuildPhase section */

/* Begin XCBuildConfiguration section */
		AD412D8A2ADBDB04008A998D /* Debug */ = {
			isa = XCBuildConfiguration;
			buildSettings = {
				ALWAYS_SEARCH_USER_PATHS = NO;
				ASSETCATALOG_COMPILER_GENERATE_SWIFT_ASSET_SYMBOL_EXTENSIONS = YES;
				CLANG_ANALYZER_NONNULL = YES;
				CLANG_ANALYZER_NUMBER_OBJECT_CONVERSION = YES_AGGRESSIVE;
				CLANG_CXX_LANGUAGE_STANDARD = "gnu++20";
				CLANG_ENABLE_MODULES = YES;
				CLANG_ENABLE_OBJC_ARC = YES;
				CLANG_ENABLE_OBJC_WEAK = YES;
				CLANG_WARN_BLOCK_CAPTURE_AUTORELEASING = YES;
				CLANG_WARN_BOOL_CONVERSION = YES;
				CLANG_WARN_COMMA = YES;
				CLANG_WARN_CONSTANT_CONVERSION = YES;
				CLANG_WARN_DEPRECATED_OBJC_IMPLEMENTATIONS = YES;
				CLANG_WARN_DIRECT_OBJC_ISA_USAGE = YES_ERROR;
				CLANG_WARN_DOCUMENTATION_COMMENTS = YES;
				CLANG_WARN_EMPTY_BODY = YES;
				CLANG_WARN_ENUM_CONVERSION = YES;
				CLANG_WARN_INFINITE_RECURSION = YES;
				CLANG_WARN_INT_CONVERSION = YES;
				CLANG_WARN_NON_LITERAL_NULL_CONVERSION = YES;
				CLANG_WARN_OBJC_IMPLICIT_RETAIN_SELF = YES;
				CLANG_WARN_OBJC_LITERAL_CONVERSION = YES;
				CLANG_WARN_OBJC_ROOT_CLASS = YES_ERROR;
				CLANG_WARN_QUOTED_INCLUDE_IN_FRAMEWORK_HEADER = YES;
				CLANG_WARN_RANGE_LOOP_ANALYSIS = YES;
				CLANG_WARN_STRICT_PROTOTYPES = YES;
				CLANG_WARN_SUSPICIOUS_MOVE = YES;
				CLANG_WARN_UNGUARDED_AVAILABILITY = YES_AGGRESSIVE;
				CLANG_WARN_UNREACHABLE_CODE = YES;
				CLANG_WARN__DUPLICATE_METHOD_MATCH = YES;
				COPY_PHASE_STRIP = NO;
				DEBUG_INFORMATION_FORMAT = dwarf;
				ENABLE_STRICT_OBJC_MSGSEND = YES;
				ENABLE_TESTABILITY = YES;
				ENABLE_USER_SCRIPT_SANDBOXING = YES;
				GCC_C_LANGUAGE_STANDARD = gnu17;
				GCC_DYNAMIC_NO_PIC = NO;
				GCC_NO_COMMON_BLOCKS = YES;
				GCC_OPTIMIZATION_LEVEL = 0;
				GCC_PREPROCESSOR_DEFINITIONS = (
					"DEBUG=1",
					"$(inherited)",
				);
				GCC_WARN_64_TO_32_BIT_CONVERSION = YES;
				GCC_WARN_ABOUT_RETURN_TYPE = YES_ERROR;
				GCC_WARN_UNDECLARED_SELECTOR = YES;
				GCC_WARN_UNINITIALIZED_AUTOS = YES_AGGRESSIVE;
				GCC_WARN_UNUSED_FUNCTION = YES;
				GCC_WARN_UNUSED_VARIABLE = YES;
				IPHONEOS_DEPLOYMENT_TARGET = 17.0;
				LOCALIZATION_PREFERS_STRING_CATALOGS = YES;
				MTL_ENABLE_DEBUG_INFO = INCLUDE_SOURCE;
				MTL_FAST_MATH = YES;
				ONLY_ACTIVE_ARCH = YES;
				SDKROOT = iphoneos;
				SWIFT_ACTIVE_COMPILATION_CONDITIONS = "DEBUG $(inherited)";
				SWIFT_OPTIMIZATION_LEVEL = "-Onone";
			};
			name = Debug;
		};
		AD412D8B2ADBDB04008A998D /* Release */ = {
			isa = XCBuildConfiguration;
			buildSettings = {
				ALWAYS_SEARCH_USER_PATHS = NO;
				ASSETCATALOG_COMPILER_GENERATE_SWIFT_ASSET_SYMBOL_EXTENSIONS = YES;
				CLANG_ANALYZER_NONNULL = YES;
				CLANG_ANALYZER_NUMBER_OBJECT_CONVERSION = YES_AGGRESSIVE;
				CLANG_CXX_LANGUAGE_STANDARD = "gnu++20";
				CLANG_ENABLE_MODULES = YES;
				CLANG_ENABLE_OBJC_ARC = YES;
				CLANG_ENABLE_OBJC_WEAK = YES;
				CLANG_WARN_BLOCK_CAPTURE_AUTORELEASING = YES;
				CLANG_WARN_BOOL_CONVERSION = YES;
				CLANG_WARN_COMMA = YES;
				CLANG_WARN_CONSTANT_CONVERSION = YES;
				CLANG_WARN_DEPRECATED_OBJC_IMPLEMENTATIONS = YES;
				CLANG_WARN_DIRECT_OBJC_ISA_USAGE = YES_ERROR;
				CLANG_WARN_DOCUMENTATION_COMMENTS = YES;
				CLANG_WARN_EMPTY_BODY = YES;
				CLANG_WARN_ENUM_CONVERSION = YES;
				CLANG_WARN_INFINITE_RECURSION = YES;
				CLANG_WARN_INT_CONVERSION = YES;
				CLANG_WARN_NON_LITERAL_NULL_CONVERSION = YES;
				CLANG_WARN_OBJC_IMPLICIT_RETAIN_SELF = YES;
				CLANG_WARN_OBJC_LITERAL_CONVERSION = YES;
				CLANG_WARN_OBJC_ROOT_CLASS = YES_ERROR;
				CLANG_WARN_QUOTED_INCLUDE_IN_FRAMEWORK_HEADER = YES;
				CLANG_WARN_RANGE_LOOP_ANALYSIS = YES;
				CLANG_WARN_STRICT_PROTOTYPES = YES;
				CLANG_WARN_SUSPICIOUS_MOVE = YES;
				CLANG_WARN_UNGUARDED_AVAILABILITY = YES_AGGRESSIVE;
				CLANG_WARN_UNREACHABLE_CODE = YES;
				CLANG_WARN__DUPLICATE_METHOD_MATCH = YES;
				COPY_PHASE_STRIP = NO;
				DEBUG_INFORMATION_FORMAT = "dwarf-with-dsym";
				ENABLE_NS_ASSERTIONS = NO;
				ENABLE_STRICT_OBJC_MSGSEND = YES;
				ENABLE_USER_SCRIPT_SANDBOXING = YES;
				GCC_C_LANGUAGE_STANDARD = gnu17;
				GCC_NO_COMMON_BLOCKS = YES;
				GCC_WARN_64_TO_32_BIT_CONVERSION = YES;
				GCC_WARN_ABOUT_RETURN_TYPE = YES_ERROR;
				GCC_WARN_UNDECLARED_SELECTOR = YES;
				GCC_WARN_UNINITIALIZED_AUTOS = YES_AGGRESSIVE;
				GCC_WARN_UNUSED_FUNCTION = YES;
				GCC_WARN_UNUSED_VARIABLE = YES;
				IPHONEOS_DEPLOYMENT_TARGET = 17.0;
				LOCALIZATION_PREFERS_STRING_CATALOGS = YES;
				MTL_ENABLE_DEBUG_INFO = NO;
				MTL_FAST_MATH = YES;
				SDKROOT = iphoneos;
				SWIFT_COMPILATION_MODE = wholemodule;
				VALIDATE_PRODUCT = YES;
			};
			name = Release;
		};
		AD412D8D2ADBDB04008A998D /* Debug */ = {
			isa = XCBuildConfiguration;
			buildSettings = {
				ASSETCATALOG_COMPILER_APPICON_NAME = AppIcon;
				ASSETCATALOG_COMPILER_GLOBAL_ACCENT_COLOR_NAME = AccentColor;
				CODE_SIGN_STYLE = Automatic;
				CURRENT_PROJECT_VERSION = 1;
				DEVELOPMENT_ASSET_PATHS = "\"SwiftfUIBootcamp/Preview Content\"";
				DEVELOPMENT_TEAM = 2792T2BLVD;
				ENABLE_PREVIEWS = YES;
				GENERATE_INFOPLIST_FILE = YES;
				INFOPLIST_KEY_CFBundleDisplayName = Bootcamp;
				INFOPLIST_KEY_UIApplicationSceneManifest_Generation = YES;
				INFOPLIST_KEY_UIApplicationSupportsIndirectInputEvents = YES;
				INFOPLIST_KEY_UILaunchScreen_Generation = YES;
				INFOPLIST_KEY_UISupportedInterfaceOrientations_iPad = "UIInterfaceOrientationPortrait UIInterfaceOrientationPortraitUpsideDown UIInterfaceOrientationLandscapeLeft UIInterfaceOrientationLandscapeRight";
				INFOPLIST_KEY_UISupportedInterfaceOrientations_iPhone = "UIInterfaceOrientationPortrait UIInterfaceOrientationLandscapeLeft UIInterfaceOrientationLandscapeRight";
				LD_RUNPATH_SEARCH_PATHS = (
					"$(inherited)",
					"@executable_path/Frameworks",
				);
				MARKETING_VERSION = 1.0;
				PRODUCT_BUNDLE_IDENTIFIER = com.myorganization.SwiftfUIBootcamp;
				PRODUCT_NAME = "$(TARGET_NAME)";
				SWIFT_EMIT_LOC_STRINGS = YES;
				SWIFT_VERSION = 5.0;
				TARGETED_DEVICE_FAMILY = "1,2";
			};
			name = Debug;
		};
		AD412D8E2ADBDB04008A998D /* Release */ = {
			isa = XCBuildConfiguration;
			buildSettings = {
				ASSETCATALOG_COMPILER_APPICON_NAME = AppIcon;
				ASSETCATALOG_COMPILER_GLOBAL_ACCENT_COLOR_NAME = AccentColor;
				CODE_SIGN_STYLE = Automatic;
				CURRENT_PROJECT_VERSION = 1;
				DEVELOPMENT_ASSET_PATHS = "\"SwiftfUIBootcamp/Preview Content\"";
				DEVELOPMENT_TEAM = 2792T2BLVD;
				ENABLE_PREVIEWS = YES;
				GENERATE_INFOPLIST_FILE = YES;
				INFOPLIST_KEY_CFBundleDisplayName = Bootcamp;
				INFOPLIST_KEY_UIApplicationSceneManifest_Generation = YES;
				INFOPLIST_KEY_UIApplicationSupportsIndirectInputEvents = YES;
				INFOPLIST_KEY_UILaunchScreen_Generation = YES;
				INFOPLIST_KEY_UISupportedInterfaceOrientations_iPad = "UIInterfaceOrientationPortrait UIInterfaceOrientationPortraitUpsideDown UIInterfaceOrientationLandscapeLeft UIInterfaceOrientationLandscapeRight";
				INFOPLIST_KEY_UISupportedInterfaceOrientations_iPhone = "UIInterfaceOrientationPortrait UIInterfaceOrientationLandscapeLeft UIInterfaceOrientationLandscapeRight";
				LD_RUNPATH_SEARCH_PATHS = (
					"$(inherited)",
					"@executable_path/Frameworks",
				);
				MARKETING_VERSION = 1.0;
				PRODUCT_BUNDLE_IDENTIFIER = com.myorganization.SwiftfUIBootcamp;
				PRODUCT_NAME = "$(TARGET_NAME)";
				SWIFT_EMIT_LOC_STRINGS = YES;
				SWIFT_VERSION = 5.0;
				TARGETED_DEVICE_FAMILY = "1,2";
			};
			name = Release;
		};
/* End XCBuildConfiguration section */

/* Begin XCConfigurationList section */
		AD412D792ADBDB01008A998D /* Build configuration list for PBXProject "SwiftfUIBootcamp" */ = {
			isa = XCConfigurationList;
			buildConfigurations = (
				AD412D8A2ADBDB04008A998D /* Debug */,
				AD412D8B2ADBDB04008A998D /* Release */,
			);
			defaultConfigurationIsVisible = 0;
			defaultConfigurationName = Release;
		};
		AD412D8C2ADBDB04008A998D /* Build configuration list for PBXNativeTarget "SwiftfUIBootcamp" */ = {
			isa = XCConfigurationList;
			buildConfigurations = (
				AD412D8D2ADBDB04008A998D /* Debug */,
				AD412D8E2ADBDB04008A998D /* Release */,
			);
			defaultConfigurationIsVisible = 0;
			defaultConfigurationName = Release;
		};
/* End XCConfigurationList section */
	};
	rootObject = AD412D762ADBDB01008A998D /* Project object */;
}
